
Microsoft Visual Studio Solution File, Format Version 12.00
# Visual Studio Version 17
VisualStudioVersion = 17.9.34728.123
MinimumVisualStudioVersion = 10.0.40219.1
Project("{FAE04EC0-301F-11D3-BF4B-00C04F79EFBC}") = "ObsquraTrainingC#", "ObsquraTrainingC#.csproj", "{D44B5D83-770B-49F1-BF84-5698D7444250}"
EndProject
Global
	GlobalSection(SolutionConfigurationPlatforms) = preSolution
		Debug|Any CPU = Debug|Any CPU
		Release|Any CPU = Release|Any CPU
	EndGlobalSection
	GlobalSection(ProjectConfigurationPlatforms) = postSolution
		{D44B5D83-770B-49F1-BF84-5698D7444250}.Debug|Any CPU.ActiveCfg = Debug|Any CPU
		{D44B5D83-770B-49F1-BF84-5698D7444250}.Debug|Any CPU.Build.0 = Debug|Any CPU
		{D44B5D83-770B-49F1-BF84-5698D7444250}.Release|Any CPU.ActiveCfg = Release|Any CPU
		{D44B5D83-770B-49F1-BF84-5698D7444250}.Release|Any CPU.Build.0 = Release|Any CPU
	EndGlobalSection
	GlobalSection(SolutionProperties) = preSolution
		HideSolutionNode = FALSE
	EndGlobalSection
	GlobalSection(ExtensibilityGlobals) = postSolution
		SolutionGuid = {798DBC28-EC79-438B-8732-23BB74A46D00}
	EndGlobalSection
EndGlobal
